// !$*UTF8*$!
{
	archiveVersion = 1;
	classes = {
	};
	objectVersion = 56;
	objects = {

/* Begin PBXBuildFile section */
		4D27D60A2C7879FC00C69DC1 /* AppDelegate.swift in Sources */ = {isa = PBXBuildFile; fileRef = 4D27D6092C7879FC00C69DC1 /* AppDelegate.swift */; };
		4D27D60C2C7879FC00C69DC1 /* SceneDelegate.swift in Sources */ = {isa = PBXBuildFile; fileRef = 4D27D60B2C7879FC00C69DC1 /* SceneDelegate.swift */; };
		4D27D60E2C7879FC00C69DC1 /* RunningViewController.swift in Sources */ = {isa = PBXBuildFile; fileRef = 4D27D60D2C7879FC00C69DC1 /* RunningViewController.swift */; };
		4D27D6112C7879FC00C69DC1 /* Base in Resources */ = {isa = PBXBuildFile; fileRef = 4D27D6102C7879FC00C69DC1 /* Base */; };
		4D27D6142C7879FC00C69DC1 /* ShareRun.xcdatamodeld in Sources */ = {isa = PBXBuildFile; fileRef = 4D27D6122C7879FC00C69DC1 /* ShareRun.xcdatamodeld */; };
		4D27D6162C7879FD00C69DC1 /* Assets.xcassets in Resources */ = {isa = PBXBuildFile; fileRef = 4D27D6152C7879FD00C69DC1 /* Assets.xcassets */; };
		4D27D6192C7879FD00C69DC1 /* Base in Resources */ = {isa = PBXBuildFile; fileRef = 4D27D6182C7879FD00C69DC1 /* Base */; };
		4D27D6222C787C4200C69DC1 /* SnapKit in Frameworks */ = {isa = PBXBuildFile; productRef = 4D27D6212C787C4200C69DC1 /* SnapKit */; };
		4D27D6262C787C7400C69DC1 /* Alamofire in Frameworks */ = {isa = PBXBuildFile; productRef = 4D27D6252C787C7400C69DC1 /* Alamofire */; };
		4D27D6292C787C7D00C69DC1 /* Kingfisher in Frameworks */ = {isa = PBXBuildFile; productRef = 4D27D6282C787C7D00C69DC1 /* Kingfisher */; };
		4D27D62C2C787C9300C69DC1 /* RunningSession.swift in Sources */ = {isa = PBXBuildFile; fileRef = 4D27D62B2C787C9300C69DC1 /* RunningSession.swift */; };
		4D27D63D2C787ECF00C69DC1 /* RunningManager.swift in Sources */ = {isa = PBXBuildFile; fileRef = 4D27D63C2C787ECF00C69DC1 /* RunningManager.swift */; };
		4D27D63F2C7AFDE900C69DC1 /* RunningViewModel.swift in Sources */ = {isa = PBXBuildFile; fileRef = 4D27D63E2C7AFDE900C69DC1 /* RunningViewModel.swift */; };
		4D27D6442C7C228F00C69DC1 /* RxCocoa in Frameworks */ = {isa = PBXBuildFile; productRef = 4D27D6432C7C228F00C69DC1 /* RxCocoa */; };
		4D27D6462C7C228F00C69DC1 /* RxRelay in Frameworks */ = {isa = PBXBuildFile; productRef = 4D27D6452C7C228F00C69DC1 /* RxRelay */; };
		4D27D6482C7C228F00C69DC1 /* RxSwift in Frameworks */ = {isa = PBXBuildFile; productRef = 4D27D6472C7C228F00C69DC1 /* RxSwift */; };
		4D27D64C2C7C43E700C69DC1 /* ShareViewController.swift in Sources */ = {isa = PBXBuildFile; fileRef = 4D27D64B2C7C43E700C69DC1 /* ShareViewController.swift */; };
		4D27D64E2C7C43F800C69DC1 /* RecordViewController.swift in Sources */ = {isa = PBXBuildFile; fileRef = 4D27D64D2C7C43F800C69DC1 /* RecordViewController.swift */; };
		4D27D6502C7C440F00C69DC1 /* SettingsViewController.swift in Sources */ = {isa = PBXBuildFile; fileRef = 4D27D64F2C7C440F00C69DC1 /* SettingsViewController.swift */; };
		4D27D6532C7DFAAB00C69DC1 /* LabelFactory.swift in Sources */ = {isa = PBXBuildFile; fileRef = 4D27D6522C7DFAAB00C69DC1 /* LabelFactory.swift */; };
		4D27D6562C80379600C69DC1 /* RunningRecordView.swift in Sources */ = {isa = PBXBuildFile; fileRef = 4D27D6552C80379600C69DC1 /* RunningRecordView.swift */; };
		4D27D65D2C807AE900C69DC1 /* RecordViewModel.swift in Sources */ = {isa = PBXBuildFile; fileRef = 4D27D65C2C807AE900C69DC1 /* RecordViewModel.swift */; };
		4D27D65F2C80963A00C69DC1 /* ChartData.swift in Sources */ = {isa = PBXBuildFile; fileRef = 4D27D65E2C80963A00C69DC1 /* ChartData.swift */; };
		4D27D6612C8097E200C69DC1 /* ChartView.swift in Sources */ = {isa = PBXBuildFile; fileRef = 4D27D6602C8097E200C69DC1 /* ChartView.swift */; };
		4D27D6632C80A2F900C69DC1 /* WeekView.swift in Sources */ = {isa = PBXBuildFile; fileRef = 4D27D6622C80A2F900C69DC1 /* WeekView.swift */; };
		4D27D6652C80AD5F00C69DC1 /* CalendarCollectionViewCell.swift in Sources */ = {isa = PBXBuildFile; fileRef = 4D27D6642C80AD5F00C69DC1 /* CalendarCollectionViewCell.swift */; };
		4D27D6672C819CF000C69DC1 /* RecordAverageLabelView.swift in Sources */ = {isa = PBXBuildFile; fileRef = 4D27D6662C819CF000C69DC1 /* RecordAverageLabelView.swift */; };
		4D27D6692C81BEDC00C69DC1 /* MonthView.swift in Sources */ = {isa = PBXBuildFile; fileRef = 4D27D6682C81BEDC00C69DC1 /* MonthView.swift */; };
/* End PBXBuildFile section */

/* Begin PBXFileReference section */
		4D27D6062C7879FC00C69DC1 /* ShareRun.app */ = {isa = PBXFileReference; explicitFileType = wrapper.application; includeInIndex = 0; path = ShareRun.app; sourceTree = BUILT_PRODUCTS_DIR; };
		4D27D6092C7879FC00C69DC1 /* AppDelegate.swift */ = {isa = PBXFileReference; lastKnownFileType = sourcecode.swift; path = AppDelegate.swift; sourceTree = "<group>"; };
		4D27D60B2C7879FC00C69DC1 /* SceneDelegate.swift */ = {isa = PBXFileReference; lastKnownFileType = sourcecode.swift; path = SceneDelegate.swift; sourceTree = "<group>"; };
		4D27D60D2C7879FC00C69DC1 /* RunningViewController.swift */ = {isa = PBXFileReference; lastKnownFileType = sourcecode.swift; path = RunningViewController.swift; sourceTree = "<group>"; };
		4D27D6102C7879FC00C69DC1 /* Base */ = {isa = PBXFileReference; lastKnownFileType = file.storyboard; name = Base; path = Base.lproj/Main.storyboard; sourceTree = "<group>"; };
		4D27D6132C7879FC00C69DC1 /* ShareRun.xcdatamodel */ = {isa = PBXFileReference; lastKnownFileType = wrapper.xcdatamodel; path = ShareRun.xcdatamodel; sourceTree = "<group>"; };
		4D27D6152C7879FD00C69DC1 /* Assets.xcassets */ = {isa = PBXFileReference; lastKnownFileType = folder.assetcatalog; path = Assets.xcassets; sourceTree = "<group>"; };
		4D27D6182C7879FD00C69DC1 /* Base */ = {isa = PBXFileReference; lastKnownFileType = file.storyboard; name = Base; path = Base.lproj/LaunchScreen.storyboard; sourceTree = "<group>"; };
		4D27D61A2C7879FD00C69DC1 /* Info.plist */ = {isa = PBXFileReference; lastKnownFileType = text.plist.xml; path = Info.plist; sourceTree = "<group>"; };
		4D27D62B2C787C9300C69DC1 /* RunningSession.swift */ = {isa = PBXFileReference; lastKnownFileType = sourcecode.swift; path = RunningSession.swift; sourceTree = "<group>"; };
		4D27D63C2C787ECF00C69DC1 /* RunningManager.swift */ = {isa = PBXFileReference; lastKnownFileType = sourcecode.swift; path = RunningManager.swift; sourceTree = "<group>"; };
		4D27D63E2C7AFDE900C69DC1 /* RunningViewModel.swift */ = {isa = PBXFileReference; lastKnownFileType = sourcecode.swift; path = RunningViewModel.swift; sourceTree = "<group>"; };
		4D27D64B2C7C43E700C69DC1 /* ShareViewController.swift */ = {isa = PBXFileReference; lastKnownFileType = sourcecode.swift; path = ShareViewController.swift; sourceTree = "<group>"; };
		4D27D64D2C7C43F800C69DC1 /* RecordViewController.swift */ = {isa = PBXFileReference; lastKnownFileType = sourcecode.swift; path = RecordViewController.swift; sourceTree = "<group>"; };
		4D27D64F2C7C440F00C69DC1 /* SettingsViewController.swift */ = {isa = PBXFileReference; lastKnownFileType = sourcecode.swift; path = SettingsViewController.swift; sourceTree = "<group>"; };
		4D27D6522C7DFAAB00C69DC1 /* LabelFactory.swift */ = {isa = PBXFileReference; lastKnownFileType = sourcecode.swift; path = LabelFactory.swift; sourceTree = "<group>"; };
		4D27D6552C80379600C69DC1 /* RunningRecordView.swift */ = {isa = PBXFileReference; lastKnownFileType = sourcecode.swift; path = RunningRecordView.swift; sourceTree = "<group>"; };
		4D27D65C2C807AE900C69DC1 /* RecordViewModel.swift */ = {isa = PBXFileReference; lastKnownFileType = sourcecode.swift; path = RecordViewModel.swift; sourceTree = "<group>"; };
		4D27D65E2C80963A00C69DC1 /* ChartData.swift */ = {isa = PBXFileReference; lastKnownFileType = sourcecode.swift; path = ChartData.swift; sourceTree = "<group>"; };
		4D27D6602C8097E200C69DC1 /* ChartView.swift */ = {isa = PBXFileReference; lastKnownFileType = sourcecode.swift; path = ChartView.swift; sourceTree = "<group>"; };
		4D27D6622C80A2F900C69DC1 /* WeekView.swift */ = {isa = PBXFileReference; lastKnownFileType = sourcecode.swift; path = WeekView.swift; sourceTree = "<group>"; };
		4D27D6642C80AD5F00C69DC1 /* CalendarCollectionViewCell.swift */ = {isa = PBXFileReference; lastKnownFileType = sourcecode.swift; path = CalendarCollectionViewCell.swift; sourceTree = "<group>"; };
		4D27D6662C819CF000C69DC1 /* RecordAverageLabelView.swift */ = {isa = PBXFileReference; lastKnownFileType = sourcecode.swift; path = RecordAverageLabelView.swift; sourceTree = "<group>"; };
		4D27D6682C81BEDC00C69DC1 /* MonthView.swift */ = {isa = PBXFileReference; lastKnownFileType = sourcecode.swift; path = MonthView.swift; sourceTree = "<group>"; };
/* End PBXFileReference section */

/* Begin PBXFrameworksBuildPhase section */
		4D27D6032C7879FC00C69DC1 /* Frameworks */ = {
			isa = PBXFrameworksBuildPhase;
			buildActionMask = 2147483647;
			files = (
				4D27D6482C7C228F00C69DC1 /* RxSwift in Frameworks */,
				4D27D6462C7C228F00C69DC1 /* RxRelay in Frameworks */,
				4D27D6292C787C7D00C69DC1 /* Kingfisher in Frameworks */,
				4D27D6222C787C4200C69DC1 /* SnapKit in Frameworks */,
				4D27D6442C7C228F00C69DC1 /* RxCocoa in Frameworks */,
				4D27D6262C787C7400C69DC1 /* Alamofire in Frameworks */,
			);
			runOnlyForDeploymentPostprocessing = 0;
		};
/* End PBXFrameworksBuildPhase section */

/* Begin PBXGroup section */
		4D27D5FD2C7879FC00C69DC1 = {
			isa = PBXGroup;
			children = (
				4D27D6082C7879FC00C69DC1 /* ShareRun */,
				4D27D6072C7879FC00C69DC1 /* Products */,
			);
			sourceTree = "<group>";
		};
		4D27D6072C7879FC00C69DC1 /* Products */ = {
			isa = PBXGroup;
			children = (
				4D27D6062C7879FC00C69DC1 /* ShareRun.app */,
			);
			name = Products;
			sourceTree = "<group>";
		};
		4D27D6082C7879FC00C69DC1 /* ShareRun */ = {
			isa = PBXGroup;
			children = (
				4D27D6092C7879FC00C69DC1 /* AppDelegate.swift */,
				4D27D60B2C7879FC00C69DC1 /* SceneDelegate.swift */,
				4D27D6512C7DFA8900C69DC1 /* Factory */,
				4D27D6402C7AFDF700C69DC1 /* View */,
				4D27D6412C7AFE0F00C69DC1 /* ViewModel */,
				4D27D63B2C787EB600C69DC1 /* Manager */,
				4D27D62A2C787C8700C69DC1 /* Model */,
				4D27D60F2C7879FC00C69DC1 /* Main.storyboard */,
				4D27D6152C7879FD00C69DC1 /* Assets.xcassets */,
				4D27D6172C7879FD00C69DC1 /* LaunchScreen.storyboard */,
				4D27D61A2C7879FD00C69DC1 /* Info.plist */,
				4D27D6122C7879FC00C69DC1 /* ShareRun.xcdatamodeld */,
			);
			path = ShareRun;
			sourceTree = "<group>";
		};
		4D27D62A2C787C8700C69DC1 /* Model */ = {
			isa = PBXGroup;
			children = (
				4D27D62B2C787C9300C69DC1 /* RunningSession.swift */,
				4D27D65E2C80963A00C69DC1 /* ChartData.swift */,
			);
			path = Model;
			sourceTree = "<group>";
		};
		4D27D63B2C787EB600C69DC1 /* Manager */ = {
			isa = PBXGroup;
			children = (
				4D27D63C2C787ECF00C69DC1 /* RunningManager.swift */,
			);
			path = Manager;
			sourceTree = "<group>";
		};
		4D27D6402C7AFDF700C69DC1 /* View */ = {
			isa = PBXGroup;
			children = (
				4D27D64B2C7C43E700C69DC1 /* ShareViewController.swift */,
				4D27D6542C80377A00C69DC1 /* Running */,
				4D27D6572C80576B00C69DC1 /* Record */,
				4D27D64F2C7C440F00C69DC1 /* SettingsViewController.swift */,
			);
			path = View;
			sourceTree = "<group>";
		};
		4D27D6412C7AFE0F00C69DC1 /* ViewModel */ = {
			isa = PBXGroup;
			children = (
				4D27D63E2C7AFDE900C69DC1 /* RunningViewModel.swift */,
				4D27D65C2C807AE900C69DC1 /* RecordViewModel.swift */,
			);
			path = ViewModel;
			sourceTree = "<group>";
		};
		4D27D6512C7DFA8900C69DC1 /* Factory */ = {
			isa = PBXGroup;
			children = (
				4D27D6522C7DFAAB00C69DC1 /* LabelFactory.swift */,
			);
			path = Factory;
			sourceTree = "<group>";
		};
		4D27D6542C80377A00C69DC1 /* Running */ = {
			isa = PBXGroup;
			children = (
				4D27D6552C80379600C69DC1 /* RunningRecordView.swift */,
				4D27D60D2C7879FC00C69DC1 /* RunningViewController.swift */,
			);
			path = Running;
			sourceTree = "<group>";
		};
		4D27D6572C80576B00C69DC1 /* Record */ = {
			isa = PBXGroup;
			children = (
				4D27D6642C80AD5F00C69DC1 /* CalendarCollectionViewCell.swift */,
				4D27D6602C8097E200C69DC1 /* ChartView.swift */,
				4D27D6622C80A2F900C69DC1 /* WeekView.swift */,
				4D27D6682C81BEDC00C69DC1 /* MonthView.swift */,
				4D27D6662C819CF000C69DC1 /* RecordAverageLabelView.swift */,
				4D27D64D2C7C43F800C69DC1 /* RecordViewController.swift */,
			);
			path = Record;
			sourceTree = "<group>";
		};
/* End PBXGroup section */

/* Begin PBXNativeTarget section */
		4D27D6052C7879FC00C69DC1 /* ShareRun */ = {
			isa = PBXNativeTarget;
			buildConfigurationList = 4D27D61D2C7879FD00C69DC1 /* Build configuration list for PBXNativeTarget "ShareRun" */;
			buildPhases = (
				4D27D6022C7879FC00C69DC1 /* Sources */,
				4D27D6032C7879FC00C69DC1 /* Frameworks */,
				4D27D6042C7879FC00C69DC1 /* Resources */,
			);
			buildRules = (
			);
			dependencies = (
			);
			name = ShareRun;
			packageProductDependencies = (
				4D27D6212C787C4200C69DC1 /* SnapKit */,
				4D27D6252C787C7400C69DC1 /* Alamofire */,
				4D27D6282C787C7D00C69DC1 /* Kingfisher */,
				4D27D6432C7C228F00C69DC1 /* RxCocoa */,
				4D27D6452C7C228F00C69DC1 /* RxRelay */,
				4D27D6472C7C228F00C69DC1 /* RxSwift */,
			);
			productName = ShareRun;
			productReference = 4D27D6062C7879FC00C69DC1 /* ShareRun.app */;
			productType = "com.apple.product-type.application";
		};
/* End PBXNativeTarget section */

/* Begin PBXProject section */
		4D27D5FE2C7879FC00C69DC1 /* Project object */ = {
			isa = PBXProject;
			attributes = {
				BuildIndependentTargetsInParallel = 1;
				LastSwiftUpdateCheck = 1540;
				LastUpgradeCheck = 1540;
				TargetAttributes = {
					4D27D6052C7879FC00C69DC1 = {
						CreatedOnToolsVersion = 15.4;
					};
				};
			};
			buildConfigurationList = 4D27D6012C7879FC00C69DC1 /* Build configuration list for PBXProject "ShareRun" */;
			compatibilityVersion = "Xcode 14.0";
			developmentRegion = en;
			hasScannedForEncodings = 0;
			knownRegions = (
				en,
				Base,
			);
			mainGroup = 4D27D5FD2C7879FC00C69DC1;
			packageReferences = (
				4D27D6202C787C4200C69DC1 /* XCRemoteSwiftPackageReference "SnapKit" */,
				4D27D6242C787C7400C69DC1 /* XCRemoteSwiftPackageReference "Alamofire" */,
				4D27D6272C787C7D00C69DC1 /* XCRemoteSwiftPackageReference "Kingfisher" */,
				4D27D6422C7C228F00C69DC1 /* XCRemoteSwiftPackageReference "RxSwift" */,
			);
			productRefGroup = 4D27D6072C7879FC00C69DC1 /* Products */;
			projectDirPath = "";
			projectRoot = "";
			targets = (
				4D27D6052C7879FC00C69DC1 /* ShareRun */,
			);
		};
/* End PBXProject section */

/* Begin PBXResourcesBuildPhase section */
		4D27D6042C7879FC00C69DC1 /* Resources */ = {
			isa = PBXResourcesBuildPhase;
			buildActionMask = 2147483647;
			files = (
				4D27D6162C7879FD00C69DC1 /* Assets.xcassets in Resources */,
				4D27D6192C7879FD00C69DC1 /* Base in Resources */,
				4D27D6112C7879FC00C69DC1 /* Base in Resources */,
			);
			runOnlyForDeploymentPostprocessing = 0;
		};
/* End PBXResourcesBuildPhase section */

/* Begin PBXSourcesBuildPhase section */
		4D27D6022C7879FC00C69DC1 /* Sources */ = {
			isa = PBXSourcesBuildPhase;
			buildActionMask = 2147483647;
			files = (
				4D27D6632C80A2F900C69DC1 /* WeekView.swift in Sources */,
				4D27D60E2C7879FC00C69DC1 /* RunningViewController.swift in Sources */,
				4D27D6142C7879FC00C69DC1 /* ShareRun.xcdatamodeld in Sources */,
				4D27D62C2C787C9300C69DC1 /* RunningSession.swift in Sources */,
				4D27D6532C7DFAAB00C69DC1 /* LabelFactory.swift in Sources */,
				4D27D6652C80AD5F00C69DC1 /* CalendarCollectionViewCell.swift in Sources */,
				4D27D65F2C80963A00C69DC1 /* ChartData.swift in Sources */,
				4D27D6502C7C440F00C69DC1 /* SettingsViewController.swift in Sources */,
				4D27D64E2C7C43F800C69DC1 /* RecordViewController.swift in Sources */,
				4D27D63F2C7AFDE900C69DC1 /* RunningViewModel.swift in Sources */,
				4D27D6612C8097E200C69DC1 /* ChartView.swift in Sources */,
				4D27D6692C81BEDC00C69DC1 /* MonthView.swift in Sources */,
				4D27D63D2C787ECF00C69DC1 /* RunningManager.swift in Sources */,
				4D27D6672C819CF000C69DC1 /* RecordAverageLabelView.swift in Sources */,
				4D27D65D2C807AE900C69DC1 /* RecordViewModel.swift in Sources */,
				4D27D60A2C7879FC00C69DC1 /* AppDelegate.swift in Sources */,
				4D27D6562C80379600C69DC1 /* RunningRecordView.swift in Sources */,
				4D27D64C2C7C43E700C69DC1 /* ShareViewController.swift in Sources */,
				4D27D60C2C7879FC00C69DC1 /* SceneDelegate.swift in Sources */,
			);
			runOnlyForDeploymentPostprocessing = 0;
		};
/* End PBXSourcesBuildPhase section */

/* Begin PBXVariantGroup section */
		4D27D60F2C7879FC00C69DC1 /* Main.storyboard */ = {
			isa = PBXVariantGroup;
			children = (
				4D27D6102C7879FC00C69DC1 /* Base */,
			);
			name = Main.storyboard;
			sourceTree = "<group>";
		};
		4D27D6172C7879FD00C69DC1 /* LaunchScreen.storyboard */ = {
			isa = PBXVariantGroup;
			children = (
				4D27D6182C7879FD00C69DC1 /* Base */,
			);
			name = LaunchScreen.storyboard;
			sourceTree = "<group>";
		};
/* End PBXVariantGroup section */

/* Begin XCBuildConfiguration section */
		4D27D61B2C7879FD00C69DC1 /* Debug */ = {
			isa = XCBuildConfiguration;
			buildSettings = {
				ALWAYS_SEARCH_USER_PATHS = NO;
				ASSETCATALOG_COMPILER_GENERATE_SWIFT_ASSET_SYMBOL_EXTENSIONS = YES;
				CLANG_ANALYZER_NONNULL = YES;
				CLANG_ANALYZER_NUMBER_OBJECT_CONVERSION = YES_AGGRESSIVE;
				CLANG_CXX_LANGUAGE_STANDARD = "gnu++20";
				CLANG_ENABLE_MODULES = YES;
				CLANG_ENABLE_OBJC_ARC = YES;
				CLANG_ENABLE_OBJC_WEAK = YES;
				CLANG_WARN_BLOCK_CAPTURE_AUTORELEASING = YES;
				CLANG_WARN_BOOL_CONVERSION = YES;
				CLANG_WARN_COMMA = YES;
				CLANG_WARN_CONSTANT_CONVERSION = YES;
				CLANG_WARN_DEPRECATED_OBJC_IMPLEMENTATIONS = YES;
				CLANG_WARN_DIRECT_OBJC_ISA_USAGE = YES_ERROR;
				CLANG_WARN_DOCUMENTATION_COMMENTS = YES;
				CLANG_WARN_EMPTY_BODY = YES;
				CLANG_WARN_ENUM_CONVERSION = YES;
				CLANG_WARN_INFINITE_RECURSION = YES;
				CLANG_WARN_INT_CONVERSION = YES;
				CLANG_WARN_NON_LITERAL_NULL_CONVERSION = YES;
				CLANG_WARN_OBJC_IMPLICIT_RETAIN_SELF = YES;
				CLANG_WARN_OBJC_LITERAL_CONVERSION = YES;
				CLANG_WARN_OBJC_ROOT_CLASS = YES_ERROR;
				CLANG_WARN_QUOTED_INCLUDE_IN_FRAMEWORK_HEADER = YES;
				CLANG_WARN_RANGE_LOOP_ANALYSIS = YES;
				CLANG_WARN_STRICT_PROTOTYPES = YES;
				CLANG_WARN_SUSPICIOUS_MOVE = YES;
				CLANG_WARN_UNGUARDED_AVAILABILITY = YES_AGGRESSIVE;
				CLANG_WARN_UNREACHABLE_CODE = YES;
				CLANG_WARN__DUPLICATE_METHOD_MATCH = YES;
				COPY_PHASE_STRIP = NO;
				DEBUG_INFORMATION_FORMAT = dwarf;
				ENABLE_STRICT_OBJC_MSGSEND = YES;
				ENABLE_TESTABILITY = YES;
				ENABLE_USER_SCRIPT_SANDBOXING = YES;
				GCC_C_LANGUAGE_STANDARD = gnu17;
				GCC_DYNAMIC_NO_PIC = NO;
				GCC_NO_COMMON_BLOCKS = YES;
				GCC_OPTIMIZATION_LEVEL = 0;
				GCC_PREPROCESSOR_DEFINITIONS = (
					"DEBUG=1",
					"$(inherited)",
				);
				GCC_WARN_64_TO_32_BIT_CONVERSION = YES;
				GCC_WARN_ABOUT_RETURN_TYPE = YES_ERROR;
				GCC_WARN_UNDECLARED_SELECTOR = YES;
				GCC_WARN_UNINITIALIZED_AUTOS = YES_AGGRESSIVE;
				GCC_WARN_UNUSED_FUNCTION = YES;
				GCC_WARN_UNUSED_VARIABLE = YES;
				IPHONEOS_DEPLOYMENT_TARGET = 16.0;
				LOCALIZATION_PREFERS_STRING_CATALOGS = YES;
				MTL_ENABLE_DEBUG_INFO = INCLUDE_SOURCE;
				MTL_FAST_MATH = YES;
				ONLY_ACTIVE_ARCH = YES;
				SDKROOT = iphoneos;
				SWIFT_ACTIVE_COMPILATION_CONDITIONS = "DEBUG $(inherited)";
				SWIFT_OPTIMIZATION_LEVEL = "-Onone";
			};
			name = Debug;
		};
		4D27D61C2C7879FD00C69DC1 /* Release */ = {
			isa = XCBuildConfiguration;
			buildSettings = {
				ALWAYS_SEARCH_USER_PATHS = NO;
				ASSETCATALOG_COMPILER_GENERATE_SWIFT_ASSET_SYMBOL_EXTENSIONS = YES;
				CLANG_ANALYZER_NONNULL = YES;
				CLANG_ANALYZER_NUMBER_OBJECT_CONVERSION = YES_AGGRESSIVE;
				CLANG_CXX_LANGUAGE_STANDARD = "gnu++20";
				CLANG_ENABLE_MODULES = YES;
				CLANG_ENABLE_OBJC_ARC = YES;
				CLANG_ENABLE_OBJC_WEAK = YES;
				CLANG_WARN_BLOCK_CAPTURE_AUTORELEASING = YES;
				CLANG_WARN_BOOL_CONVERSION = YES;
				CLANG_WARN_COMMA = YES;
				CLANG_WARN_CONSTANT_CONVERSION = YES;
				CLANG_WARN_DEPRECATED_OBJC_IMPLEMENTATIONS = YES;
				CLANG_WARN_DIRECT_OBJC_ISA_USAGE = YES_ERROR;
				CLANG_WARN_DOCUMENTATION_COMMENTS = YES;
				CLANG_WARN_EMPTY_BODY = YES;
				CLANG_WARN_ENUM_CONVERSION = YES;
				CLANG_WARN_INFINITE_RECURSION = YES;
				CLANG_WARN_INT_CONVERSION = YES;
				CLANG_WARN_NON_LITERAL_NULL_CONVERSION = YES;
				CLANG_WARN_OBJC_IMPLICIT_RETAIN_SELF = YES;
				CLANG_WARN_OBJC_LITERAL_CONVERSION = YES;
				CLANG_WARN_OBJC_ROOT_CLASS = YES_ERROR;
				CLANG_WARN_QUOTED_INCLUDE_IN_FRAMEWORK_HEADER = YES;
				CLANG_WARN_RANGE_LOOP_ANALYSIS = YES;
				CLANG_WARN_STRICT_PROTOTYPES = YES;
				CLANG_WARN_SUSPICIOUS_MOVE = YES;
				CLANG_WARN_UNGUARDED_AVAILABILITY = YES_AGGRESSIVE;
				CLANG_WARN_UNREACHABLE_CODE = YES;
				CLANG_WARN__DUPLICATE_METHOD_MATCH = YES;
				COPY_PHASE_STRIP = NO;
				DEBUG_INFORMATION_FORMAT = "dwarf-with-dsym";
				ENABLE_NS_ASSERTIONS = NO;
				ENABLE_STRICT_OBJC_MSGSEND = YES;
				ENABLE_USER_SCRIPT_SANDBOXING = YES;
				GCC_C_LANGUAGE_STANDARD = gnu17;
				GCC_NO_COMMON_BLOCKS = YES;
				GCC_WARN_64_TO_32_BIT_CONVERSION = YES;
				GCC_WARN_ABOUT_RETURN_TYPE = YES_ERROR;
				GCC_WARN_UNDECLARED_SELECTOR = YES;
				GCC_WARN_UNINITIALIZED_AUTOS = YES_AGGRESSIVE;
				GCC_WARN_UNUSED_FUNCTION = YES;
				GCC_WARN_UNUSED_VARIABLE = YES;
				IPHONEOS_DEPLOYMENT_TARGET = 16.0;
				LOCALIZATION_PREFERS_STRING_CATALOGS = YES;
				MTL_ENABLE_DEBUG_INFO = NO;
				MTL_FAST_MATH = YES;
				SDKROOT = iphoneos;
				SWIFT_COMPILATION_MODE = wholemodule;
				VALIDATE_PRODUCT = YES;
			};
			name = Release;
		};
		4D27D61E2C7879FD00C69DC1 /* Debug */ = {
			isa = XCBuildConfiguration;
			buildSettings = {
				ASSETCATALOG_COMPILER_APPICON_NAME = AppIcon;
				ASSETCATALOG_COMPILER_GLOBAL_ACCENT_COLOR_NAME = AccentColor;
				CODE_SIGN_STYLE = Automatic;
				CURRENT_PROJECT_VERSION = 1;
				DEVELOPMENT_TEAM = U68CWSQ94X;
				GENERATE_INFOPLIST_FILE = YES;
				INFOPLIST_FILE = ShareRun/Info.plist;
				INFOPLIST_KEY_UIApplicationSupportsIndirectInputEvents = YES;
				INFOPLIST_KEY_UILaunchStoryboardName = LaunchScreen;
				INFOPLIST_KEY_UIMainStoryboardFile = Main;
				INFOPLIST_KEY_UISupportedInterfaceOrientations_iPad = "UIInterfaceOrientationPortrait UIInterfaceOrientationPortraitUpsideDown UIInterfaceOrientationLandscapeLeft UIInterfaceOrientationLandscapeRight";
				INFOPLIST_KEY_UISupportedInterfaceOrientations_iPhone = "UIInterfaceOrientationPortrait UIInterfaceOrientationLandscapeLeft UIInterfaceOrientationLandscapeRight";
				IPHONEOS_DEPLOYMENT_TARGET = 16.0;
				LD_RUNPATH_SEARCH_PATHS = (
					"$(inherited)",
					"@executable_path/Frameworks",
				);
				MARKETING_VERSION = 1.0;
				PRODUCT_BUNDLE_IDENTIFIER = Project.ShareRun;
				PRODUCT_NAME = "$(TARGET_NAME)";
				SWIFT_EMIT_LOC_STRINGS = YES;
				SWIFT_VERSION = 5.0;
				TARGETED_DEVICE_FAMILY = "1,2";
			};
			name = Debug;
		};
		4D27D61F2C7879FD00C69DC1 /* Release */ = {
			isa = XCBuildConfiguration;
			buildSettings = {
				ASSETCATALOG_COMPILER_APPICON_NAME = AppIcon;
				ASSETCATALOG_COMPILER_GLOBAL_ACCENT_COLOR_NAME = AccentColor;
				CODE_SIGN_STYLE = Automatic;
				CURRENT_PROJECT_VERSION = 1;
				DEVELOPMENT_TEAM = U68CWSQ94X;
				GENERATE_INFOPLIST_FILE = YES;
				INFOPLIST_FILE = ShareRun/Info.plist;
				INFOPLIST_KEY_UIApplicationSupportsIndirectInputEvents = YES;
				INFOPLIST_KEY_UILaunchStoryboardName = LaunchScreen;
				INFOPLIST_KEY_UIMainStoryboardFile = Main;
				INFOPLIST_KEY_UISupportedInterfaceOrientations_iPad = "UIInterfaceOrientationPortrait UIInterfaceOrientationPortraitUpsideDown UIInterfaceOrientationLandscapeLeft UIInterfaceOrientationLandscapeRight";
				INFOPLIST_KEY_UISupportedInterfaceOrientations_iPhone = "UIInterfaceOrientationPortrait UIInterfaceOrientationLandscapeLeft UIInterfaceOrientationLandscapeRight";
				IPHONEOS_DEPLOYMENT_TARGET = 16.0;
				LD_RUNPATH_SEARCH_PATHS = (
					"$(inherited)",
					"@executable_path/Frameworks",
				);
				MARKETING_VERSION = 1.0;
				PRODUCT_BUNDLE_IDENTIFIER = Project.ShareRun;
				PRODUCT_NAME = "$(TARGET_NAME)";
				SWIFT_EMIT_LOC_STRINGS = YES;
				SWIFT_VERSION = 5.0;
				TARGETED_DEVICE_FAMILY = "1,2";
			};
			name = Release;
		};
/* End XCBuildConfiguration section */

/* Begin XCConfigurationList section */
		4D27D6012C7879FC00C69DC1 /* Build configuration list for PBXProject "ShareRun" */ = {
			isa = XCConfigurationList;
			buildConfigurations = (
				4D27D61B2C7879FD00C69DC1 /* Debug */,
				4D27D61C2C7879FD00C69DC1 /* Release */,
			);
			defaultConfigurationIsVisible = 0;
			defaultConfigurationName = Release;
		};
		4D27D61D2C7879FD00C69DC1 /* Build configuration list for PBXNativeTarget "ShareRun" */ = {
			isa = XCConfigurationList;
			buildConfigurations = (
				4D27D61E2C7879FD00C69DC1 /* Debug */,
				4D27D61F2C7879FD00C69DC1 /* Release */,
			);
			defaultConfigurationIsVisible = 0;
			defaultConfigurationName = Release;
		};
/* End XCConfigurationList section */

/* Begin XCRemoteSwiftPackageReference section */
		4D27D6202C787C4200C69DC1 /* XCRemoteSwiftPackageReference "SnapKit" */ = {
			isa = XCRemoteSwiftPackageReference;
			repositoryURL = "https://github.com/SnapKit/SnapKit.git";
			requirement = {
				kind = upToNextMajorVersion;
				minimumVersion = 5.7.1;
			};
		};
		4D27D6242C787C7400C69DC1 /* XCRemoteSwiftPackageReference "Alamofire" */ = {
			isa = XCRemoteSwiftPackageReference;
			repositoryURL = "https://github.com/Alamofire/Alamofire.git";
			requirement = {
				kind = upToNextMajorVersion;
				minimumVersion = 5.9.1;
			};
		};
		4D27D6272C787C7D00C69DC1 /* XCRemoteSwiftPackageReference "Kingfisher" */ = {
			isa = XCRemoteSwiftPackageReference;
			repositoryURL = "https://github.com/onevcat/Kingfisher.git";
			requirement = {
				kind = upToNextMajorVersion;
				minimumVersion = 7.12.0;
			};
		};
		4D27D6422C7C228F00C69DC1 /* XCRemoteSwiftPackageReference "RxSwift" */ = {
			isa = XCRemoteSwiftPackageReference;
			repositoryURL = "https://github.com/ReactiveX/RxSwift";
			requirement = {
				kind = upToNextMajorVersion;
				minimumVersion = 6.7.1;
			};
		};
/* End XCRemoteSwiftPackageReference section */

/* Begin XCSwiftPackageProductDependency section */
		4D27D6212C787C4200C69DC1 /* SnapKit */ = {
			isa = XCSwiftPackageProductDependency;
			package = 4D27D6202C787C4200C69DC1 /* XCRemoteSwiftPackageReference "SnapKit" */;
			productName = SnapKit;
		};
		4D27D6252C787C7400C69DC1 /* Alamofire */ = {
			isa = XCSwiftPackageProductDependency;
			package = 4D27D6242C787C7400C69DC1 /* XCRemoteSwiftPackageReference "Alamofire" */;
			productName = Alamofire;
		};
		4D27D6282C787C7D00C69DC1 /* Kingfisher */ = {
			isa = XCSwiftPackageProductDependency;
			package = 4D27D6272C787C7D00C69DC1 /* XCRemoteSwiftPackageReference "Kingfisher" */;
			productName = Kingfisher;
		};
		4D27D6432C7C228F00C69DC1 /* RxCocoa */ = {
			isa = XCSwiftPackageProductDependency;
			package = 4D27D6422C7C228F00C69DC1 /* XCRemoteSwiftPackageReference "RxSwift" */;
			productName = RxCocoa;
		};
		4D27D6452C7C228F00C69DC1 /* RxRelay */ = {
			isa = XCSwiftPackageProductDependency;
			package = 4D27D6422C7C228F00C69DC1 /* XCRemoteSwiftPackageReference "RxSwift" */;
			productName = RxRelay;
		};
		4D27D6472C7C228F00C69DC1 /* RxSwift */ = {
			isa = XCSwiftPackageProductDependency;
			package = 4D27D6422C7C228F00C69DC1 /* XCRemoteSwiftPackageReference "RxSwift" */;
			productName = RxSwift;
		};
/* End XCSwiftPackageProductDependency section */

/* Begin XCVersionGroup section */
		4D27D6122C7879FC00C69DC1 /* ShareRun.xcdatamodeld */ = {
			isa = XCVersionGroup;
			children = (
				4D27D6132C7879FC00C69DC1 /* ShareRun.xcdatamodel */,
			);
			currentVersion = 4D27D6132C7879FC00C69DC1 /* ShareRun.xcdatamodel */;
			path = ShareRun.xcdatamodeld;
			sourceTree = "<group>";
			versionGroupType = wrapper.xcdatamodel;
		};
/* End XCVersionGroup section */
	};
	rootObject = 4D27D5FE2C7879FC00C69DC1 /* Project object */;
}
